<?xml version="1.0" encoding="utf-8"?>
<Project ToolsVersion="4.0" xmlns="http://schemas.microsoft.com/developer/msbuild/2003">
  <ItemGroup>
    <Filter Include="Source Files">
      <UniqueIdentifier>{4FC737F1-C7A5-4376-A066-2A32D752A2FF}</UniqueIdentifier>
      <Extensions>cpp;c;cc;cxx;c++;cppm;ixx;def;odl;idl;hpj;bat;asm;asmx</Extensions>
    </Filter>
    <Filter Include="Header Files">
      <UniqueIdentifier>{93995380-89BD-4b04-88EB-625FBE52EBFB}</UniqueIdentifier>
      <Extensions>h;hh;hpp;hxx;h++;hm;inl;inc;ipp;xsd</Extensions>
    </Filter>
    <Filter Include="Resource Files">
      <UniqueIdentifier>{67DA6AB6-F800-4c08-8B7A-83BB121AAD01}</UniqueIdentifier>
      <Extensions>rc;ico;cur;bmp;dlg;rc2;rct;bin;rgs;gif;jpg;jpeg;jpe;resx;tiff;tif;png;wav;mfcribbon-ms</Extensions>
    </Filter>
    <Filter Include="Header Files\Spaceships">
      <UniqueIdentifier>{7541a879-a75b-462c-bd72-72736a867ca5}</UniqueIdentifier>
    </Filter>
    <Filter Include="Source Files\Spaceships">
      <UniqueIdentifier>{cbcc35cc-b542-4106-bd0a-fb8dd27dd49b}</UniqueIdentifier>
    </Filter>
    <Filter Include="Source Files\Factory">
      <UniqueIdentifier>{83e7f6c8-0915-4699-9e01-089649fac19b}</UniqueIdentifier>
    </Filter>
    <Filter Include="Header Files\Factory">
      <UniqueIdentifier>{cd2d3915-4fe8-4da4-867c-bab75e270c73}</UniqueIdentifier>
    </Filter>
  </ItemGroup>
  <ItemGroup>
    <ClCompile Include="main.cpp">
      <Filter>Source Files</Filter>
    </ClCompile>
    <ClCompile Include="Shuttle.cpp">
      <Filter>Source Files\Spaceships</Filter>
    </ClCompile>
    <ClCompile Include="Transport.cpp">
      <Filter>Source Files\Spaceships</Filter>
    </ClCompile>
    <ClCompile Include="Scout.cpp">
      <Filter>Source Files\Spaceships</Filter>
    </ClCompile>
    <ClCompile Include="Fighter.cpp">
      <Filter>Source Files\Spaceships</Filter>
    </ClCompile>
    <ClCompile Include="Bomber.cpp">
      <Filter>Source Files\Spaceships</Filter>
    </ClCompile>
    <ClCompile Include="Spaceship.cpp">
      <Filter>Source Files\Spaceships</Filter>
    </ClCompile>
    <ClCompile Include="BattleField.cpp">
      <Filter>Source Files</Filter>
    </ClCompile>
    <ClCompile Include="AllianceFactory.cpp">
      <Filter>Source Files\Factory</Filter>
    </ClCompile>
    <ClCompile Include="EmpireFactory.cpp">
      <Filter>Source Files\Factory</Filter>
    </ClCompile>
    <ClCompile Include="RandomTool.cpp">
      <Filter>Source Files</Filter>
    </ClCompile>
    <ClCompile Include="SpaceshipsData.cpp">
      <Filter>Source Files</Filter>
    </ClCompile>
  </ItemGroup>
  <ItemGroup>
    <ClInclude Include="Shuttle.h">
      <Filter>Header Files\Spaceships</Filter>
    </ClInclude>
    <ClInclude Include="Transport.h">
      <Filter>Header Files\Spaceships</Filter>
    </ClInclude>
    <ClInclude Include="Scout.h">
      <Filter>Header Files\Spaceships</Filter>
    </ClInclude>
    <ClInclude Include="Fighter.h">
      <Filter>Header Files\Spaceships</Filter>
    </ClInclude>
    <ClInclude Include="Bomber.h">
      <Filter>Header Files\Spaceships</Filter>
    </ClInclude>
    <ClInclude Include="Spaceship.h">
      <Filter>Header Files\Spaceships</Filter>
    </ClInclude>
    <ClInclude Include="BattleField.h">
      <Filter>Header Files</Filter>
    </ClInclude>
    <ClInclude Include="EmpireFactory.h">
      <Filter>Header Files\Factory</Filter>
    </ClInclude>
    <ClInclude Include="AllianceFactory.h">
      <Filter>Header Files\Factory</Filter>
    </ClInclude>
    <ClInclude Include="SpaceshipFactory.h">
      <Filter>Header Files\Factory</Filter>
    </ClInclude>
    <ClInclude Include="RandomTool.h">
      <Filter>Header Files</Filter>
    </ClInclude>
    <ClInclude Include="SpaceshipsData.h">
      <Filter>Header Files</Filter>
    </ClInclude>
    <ClInclude Include="SpaceshipTypes.h">
      <Filter>Header Files</Filter>
    </ClInclude>
  </ItemGroup>
</Project>